
Microsoft Visual Studio Solution File, Format Version 12.00
# Visual Studio 15
VisualStudioVersion = 15.0.28307.329
MinimumVisualStudioVersion = 10.0.40219.1
Project("{FAE04EC0-301F-11D3-BF4B-00C04F79EFBC}") = "EFAudit", "EFAudit\EFAudit.csproj", "{6BECE6BF-3740-4366-A6A5-8D470C6C88BA}"
EndProject
Global
	GlobalSection(SolutionConfigurationPlatforms) = preSolution
		Debug|Any CPU = Debug|Any CPU
		Release|Any CPU = Release|Any CPU
	EndGlobalSection
	GlobalSection(ProjectConfigurationPlatforms) = postSolution
		{6BECE6BF-3740-4366-A6A5-8D470C6C88BA}.Debug|Any CPU.ActiveCfg = Debug|Any CPU
		{6BECE6BF-3740-4366-A6A5-8D470C6C88BA}.Debug|Any CPU.Build.0 = Debug|Any CPU
		{6BECE6BF-3740-4366-A6A5-8D470C6C88BA}.Release|Any CPU.ActiveCfg = Release|Any CPU
		{6BECE6BF-3740-4366-A6A5-8D470C6C88BA}.Release|Any CPU.Build.0 = Release|Any CPU
	EndGlobalSection
	GlobalSection(SolutionProperties) = preSolution
		HideSolutionNode = FALSE
	EndGlobalSection
	GlobalSection(ExtensibilityGlobals) = postSolution
		SolutionGuid = {4C59C833-5768-4978-B40A-10466E570447}
	EndGlobalSection
EndGlobal
